
Microsoft Visual Studio Solution File, Format Version 12.00
# Visual Studio Version 16
VisualStudioVersion = 16.0.29230.47
MinimumVisualStudioVersion = 10.0.40219.1
Project("{FAE04EC0-301F-11D3-BF4B-00C04F79EFBC}") = "profileskill", "profileskill\profileskill.csproj", "{8EDBA43F-CB9F-4C6B-9958-152D0EAC3CB2}"
EndProject
Project("{FAE04EC0-301F-11D3-BF4B-00C04F79EFBC}") = "profileskill.Tests", "profileskill.Tests\profileskill.Tests.csproj", "{86A0BA77-0466-4337-AFAC-687C23BBD0F6}"
EndProject
Global
	GlobalSection(SolutionConfigurationPlatforms) = preSolution
		Debug|Any CPU = Debug|Any CPU
		Release|Any CPU = Release|Any CPU
	EndGlobalSection
	GlobalSection(ProjectConfigurationPlatforms) = postSolution
		{8EDBA43F-CB9F-4C6B-9958-152D0EAC3CB2}.Debug|Any CPU.ActiveCfg = Debug|Any CPU
		{8EDBA43F-CB9F-4C6B-9958-152D0EAC3CB2}.Debug|Any CPU.Build.0 = Debug|Any CPU
		{8EDBA43F-CB9F-4C6B-9958-152D0EAC3CB2}.Release|Any CPU.ActiveCfg = Release|Any CPU
		{8EDBA43F-CB9F-4C6B-9958-152D0EAC3CB2}.Release|Any CPU.Build.0 = Release|Any CPU
		{86A0BA77-0466-4337-AFAC-687C23BBD0F6}.Debug|Any CPU.ActiveCfg = Debug|Any CPU
		{86A0BA77-0466-4337-AFAC-687C23BBD0F6}.Debug|Any CPU.Build.0 = Debug|Any CPU
		{86A0BA77-0466-4337-AFAC-687C23BBD0F6}.Release|Any CPU.ActiveCfg = Release|Any CPU
		{86A0BA77-0466-4337-AFAC-687C23BBD0F6}.Release|Any CPU.Build.0 = Release|Any CPU
	EndGlobalSection
	GlobalSection(SolutionProperties) = preSolution
		HideSolutionNode = FALSE
	EndGlobalSection
	GlobalSection(ExtensibilityGlobals) = postSolution
		SolutionGuid = {0A22A1C0-31C5-4DE1-9A6D-66AD8DE8F885}
	EndGlobalSection
EndGlobal
